// !$*UTF8*$!
{
	archiveVersion = 1;
	classes = {
	};
	objectVersion = 56;
	objects = {

/* Begin PBXBuildFile section */
		CEDF21C82DC12AA200C85581 /* AppDelegate.swift in Sources */ = {isa = PBXBuildFile; fileRef = CEDF21C72DC12AA200C85581 /* AppDelegate.swift */; };
		CEDF21D22DC12AA200C85581 /* RickandmortyTestApp.xcdatamodeld in Sources */ = {isa = PBXBuildFile; fileRef = CEDF21D02DC12AA200C85581 /* RickandmortyTestApp.xcdatamodeld */; };
		CEDF21D42DC12AA500C85581 /* Assets.xcassets in Resources */ = {isa = PBXBuildFile; fileRef = CEDF21D32DC12AA500C85581 /* Assets.xcassets */; };
		CEDF21D72DC12AA500C85581 /* LaunchScreen.storyboard in Resources */ = {isa = PBXBuildFile; fileRef = CEDF21D52DC12AA500C85581 /* LaunchScreen.storyboard */; };
		CEDF21E22DC12E8A00C85581 /* TableController.swift in Sources */ = {isa = PBXBuildFile; fileRef = CEDF21E12DC12E8A00C85581 /* TableController.swift */; };
		CEDF21E42DC12EC700C85581 /* TableViewModel.swift in Sources */ = {isa = PBXBuildFile; fileRef = CEDF21E32DC12EC700C85581 /* TableViewModel.swift */; };
		CEDF21E62DC130B800C85581 /* TableViewCell.swift in Sources */ = {isa = PBXBuildFile; fileRef = CEDF21E52DC130B800C85581 /* TableViewCell.swift */; };
		CEDF21EA2DC1393A00C85581 /* BaseController.swift in Sources */ = {isa = PBXBuildFile; fileRef = CEDF21E92DC1393A00C85581 /* BaseController.swift */; };
		CEDF21ED2DC13AC500C85581 /* TitleLabel.swift in Sources */ = {isa = PBXBuildFile; fileRef = CEDF21EC2DC13AC500C85581 /* TitleLabel.swift */; };
		CEDF21F02DC13B8000C85581 /* Colors.swift in Sources */ = {isa = PBXBuildFile; fileRef = CEDF21EF2DC13B8000C85581 /* Colors.swift */; };
		CEDF21F32DC13BCD00C85581 /* Collor+Extension.swift in Sources */ = {isa = PBXBuildFile; fileRef = CEDF21F22DC13BCD00C85581 /* Collor+Extension.swift */; };
		CEDF21F52DC13CA400C85581 /* Titles.swift in Sources */ = {isa = PBXBuildFile; fileRef = CEDF21F42DC13CA400C85581 /* Titles.swift */; };
		CEDF21F72DC1511600C85581 /* TableManager.swift in Sources */ = {isa = PBXBuildFile; fileRef = CEDF21F62DC1511600C85581 /* TableManager.swift */; };
		CEDF21F92DC151FA00C85581 /* Block.swift in Sources */ = {isa = PBXBuildFile; fileRef = CEDF21F82DC151FA00C85581 /* Block.swift */; };
		CEDF21FC2DC152A600C85581 /* Morty.swift in Sources */ = {isa = PBXBuildFile; fileRef = CEDF21FB2DC152A600C85581 /* Morty.swift */; };
		CEDF21FF2DC20DB200C85581 /* TableCoordinator.swift in Sources */ = {isa = PBXBuildFile; fileRef = CEDF21FE2DC20DB200C85581 /* TableCoordinator.swift */; };
		CEDF22012DC20E2000C85581 /* TableCoordinatorInterface.swift in Sources */ = {isa = PBXBuildFile; fileRef = CEDF22002DC20E2000C85581 /* TableCoordinatorInterface.swift */; };
		CEDF22032DC20E7700C85581 /* CoordinatorInterface.swift in Sources */ = {isa = PBXBuildFile; fileRef = CEDF22022DC20E7700C85581 /* CoordinatorInterface.swift */; };
		CEDF22052DC20ECB00C85581 /* TableCoordinatorEvent.swift in Sources */ = {isa = PBXBuildFile; fileRef = CEDF22042DC20ECB00C85581 /* TableCoordinatorEvent.swift */; };
		CEDF22072DC2115000C85581 /* TableAssembly.swift in Sources */ = {isa = PBXBuildFile; fileRef = CEDF22062DC2115000C85581 /* TableAssembly.swift */; };
		CEDF220B2DC2214000C85581 /* DetailCoordinator.swift in Sources */ = {isa = PBXBuildFile; fileRef = CEDF220A2DC2214000C85581 /* DetailCoordinator.swift */; };
		CEDF220D2DC221B500C85581 /* DetailCoordinatorInterface.swift in Sources */ = {isa = PBXBuildFile; fileRef = CEDF220C2DC221B500C85581 /* DetailCoordinatorInterface.swift */; };
		CEDF220F2DC221FA00C85581 /* DetailCoordinatorEvent.swift in Sources */ = {isa = PBXBuildFile; fileRef = CEDF220E2DC221FA00C85581 /* DetailCoordinatorEvent.swift */; };
		CEDF22112DC2223A00C85581 /* DetailAssembly.swift in Sources */ = {isa = PBXBuildFile; fileRef = CEDF22102DC2223A00C85581 /* DetailAssembly.swift */; };
		CEDF22132DC2272400C85581 /* TableViewModelInterface.swift in Sources */ = {isa = PBXBuildFile; fileRef = CEDF22122DC2272400C85581 /* TableViewModelInterface.swift */; };
/* End PBXBuildFile section */

/* Begin PBXFileReference section */
		CEDF21C42DC12AA200C85581 /* RickandmortyTestApp.app */ = {isa = PBXFileReference; explicitFileType = wrapper.application; includeInIndex = 0; path = RickandmortyTestApp.app; sourceTree = BUILT_PRODUCTS_DIR; };
		CEDF21C72DC12AA200C85581 /* AppDelegate.swift */ = {isa = PBXFileReference; lastKnownFileType = sourcecode.swift; path = AppDelegate.swift; sourceTree = "<group>"; };
		CEDF21D12DC12AA200C85581 /* RickandmortyTestApp.xcdatamodel */ = {isa = PBXFileReference; lastKnownFileType = wrapper.xcdatamodel; path = RickandmortyTestApp.xcdatamodel; sourceTree = "<group>"; };
		CEDF21D32DC12AA500C85581 /* Assets.xcassets */ = {isa = PBXFileReference; lastKnownFileType = folder.assetcatalog; path = Assets.xcassets; sourceTree = "<group>"; };
		CEDF21D62DC12AA500C85581 /* Base */ = {isa = PBXFileReference; lastKnownFileType = file.storyboard; name = Base; path = Base.lproj/LaunchScreen.storyboard; sourceTree = "<group>"; };
		CEDF21D82DC12AA500C85581 /* Info.plist */ = {isa = PBXFileReference; lastKnownFileType = text.plist.xml; path = Info.plist; sourceTree = "<group>"; };
		CEDF21E12DC12E8A00C85581 /* TableController.swift */ = {isa = PBXFileReference; lastKnownFileType = sourcecode.swift; path = TableController.swift; sourceTree = "<group>"; };
		CEDF21E32DC12EC700C85581 /* TableViewModel.swift */ = {isa = PBXFileReference; lastKnownFileType = sourcecode.swift; path = TableViewModel.swift; sourceTree = "<group>"; };
		CEDF21E52DC130B800C85581 /* TableViewCell.swift */ = {isa = PBXFileReference; lastKnownFileType = sourcecode.swift; path = TableViewCell.swift; sourceTree = "<group>"; };
		CEDF21E92DC1393A00C85581 /* BaseController.swift */ = {isa = PBXFileReference; lastKnownFileType = sourcecode.swift; path = BaseController.swift; sourceTree = "<group>"; };
		CEDF21EC2DC13AC500C85581 /* TitleLabel.swift */ = {isa = PBXFileReference; lastKnownFileType = sourcecode.swift; path = TitleLabel.swift; sourceTree = "<group>"; };
		CEDF21EF2DC13B8000C85581 /* Colors.swift */ = {isa = PBXFileReference; lastKnownFileType = sourcecode.swift; path = Colors.swift; sourceTree = "<group>"; };
		CEDF21F22DC13BCD00C85581 /* Collor+Extension.swift */ = {isa = PBXFileReference; lastKnownFileType = sourcecode.swift; path = "Collor+Extension.swift"; sourceTree = "<group>"; };
		CEDF21F42DC13CA400C85581 /* Titles.swift */ = {isa = PBXFileReference; lastKnownFileType = sourcecode.swift; path = Titles.swift; sourceTree = "<group>"; };
		CEDF21F62DC1511600C85581 /* TableManager.swift */ = {isa = PBXFileReference; lastKnownFileType = sourcecode.swift; path = TableManager.swift; sourceTree = "<group>"; };
		CEDF21F82DC151FA00C85581 /* Block.swift */ = {isa = PBXFileReference; lastKnownFileType = sourcecode.swift; path = Block.swift; sourceTree = "<group>"; };
		CEDF21FB2DC152A600C85581 /* Morty.swift */ = {isa = PBXFileReference; lastKnownFileType = sourcecode.swift; path = Morty.swift; sourceTree = "<group>"; };
		CEDF21FE2DC20DB200C85581 /* TableCoordinator.swift */ = {isa = PBXFileReference; lastKnownFileType = sourcecode.swift; path = TableCoordinator.swift; sourceTree = "<group>"; };
		CEDF22002DC20E2000C85581 /* TableCoordinatorInterface.swift */ = {isa = PBXFileReference; lastKnownFileType = sourcecode.swift; path = TableCoordinatorInterface.swift; sourceTree = "<group>"; };
		CEDF22022DC20E7700C85581 /* CoordinatorInterface.swift */ = {isa = PBXFileReference; lastKnownFileType = sourcecode.swift; path = CoordinatorInterface.swift; sourceTree = "<group>"; };
		CEDF22042DC20ECB00C85581 /* TableCoordinatorEvent.swift */ = {isa = PBXFileReference; lastKnownFileType = sourcecode.swift; path = TableCoordinatorEvent.swift; sourceTree = "<group>"; };
		CEDF22062DC2115000C85581 /* TableAssembly.swift */ = {isa = PBXFileReference; lastKnownFileType = sourcecode.swift; path = TableAssembly.swift; sourceTree = "<group>"; };
		CEDF220A2DC2214000C85581 /* DetailCoordinator.swift */ = {isa = PBXFileReference; lastKnownFileType = sourcecode.swift; path = DetailCoordinator.swift; sourceTree = "<group>"; };
		CEDF220C2DC221B500C85581 /* DetailCoordinatorInterface.swift */ = {isa = PBXFileReference; lastKnownFileType = sourcecode.swift; path = DetailCoordinatorInterface.swift; sourceTree = "<group>"; };
		CEDF220E2DC221FA00C85581 /* DetailCoordinatorEvent.swift */ = {isa = PBXFileReference; lastKnownFileType = sourcecode.swift; path = DetailCoordinatorEvent.swift; sourceTree = "<group>"; };
		CEDF22102DC2223A00C85581 /* DetailAssembly.swift */ = {isa = PBXFileReference; lastKnownFileType = sourcecode.swift; path = DetailAssembly.swift; sourceTree = "<group>"; };
		CEDF22122DC2272400C85581 /* TableViewModelInterface.swift */ = {isa = PBXFileReference; lastKnownFileType = sourcecode.swift; path = TableViewModelInterface.swift; sourceTree = "<group>"; };
/* End PBXFileReference section */

/* Begin PBXFrameworksBuildPhase section */
		CEDF21C12DC12AA200C85581 /* Frameworks */ = {
			isa = PBXFrameworksBuildPhase;
			buildActionMask = 2147483647;
			files = (
			);
			runOnlyForDeploymentPostprocessing = 0;
		};
/* End PBXFrameworksBuildPhase section */

/* Begin PBXGroup section */
		CEDF21BB2DC12AA200C85581 = {
			isa = PBXGroup;
			children = (
				CEDF21C62DC12AA200C85581 /* RickandmortyTestApp */,
				CEDF21C52DC12AA200C85581 /* Products */,
			);
			sourceTree = "<group>";
		};
		CEDF21C52DC12AA200C85581 /* Products */ = {
			isa = PBXGroup;
			children = (
				CEDF21C42DC12AA200C85581 /* RickandmortyTestApp.app */,
			);
			name = Products;
			sourceTree = "<group>";
		};
		CEDF21C62DC12AA200C85581 /* RickandmortyTestApp */ = {
			isa = PBXGroup;
			children = (
				CEDF21FD2DC20D7600C85581 /* Coordinator */,
				CEDF21F12DC13BB500C85581 /* Extensions */,
				CEDF21EE2DC13B5B00C85581 /* Models */,
				CEDF21EB2DC13AA300C85581 /* CustomView */,
				CEDF21E72DC138FF00C85581 /* Controllers */,
				CEDF21C72DC12AA200C85581 /* AppDelegate.swift */,
				CEDF21D32DC12AA500C85581 /* Assets.xcassets */,
				CEDF21D52DC12AA500C85581 /* LaunchScreen.storyboard */,
				CEDF21D82DC12AA500C85581 /* Info.plist */,
				CEDF21D02DC12AA200C85581 /* RickandmortyTestApp.xcdatamodeld */,
			);
			path = RickandmortyTestApp;
			sourceTree = "<group>";
		};
		CEDF21DE2DC12E0400C85581 /* TableController */ = {
			isa = PBXGroup;
			children = (
				CEDF21FA2DC1526100C85581 /* Model */,
				CEDF21E02DC12E4700C85581 /* ViewModel */,
				CEDF21DF2DC12E3200C85581 /* View */,
			);
			path = TableController;
			sourceTree = "<group>";
		};
		CEDF21DF2DC12E3200C85581 /* View */ = {
			isa = PBXGroup;
			children = (
				CEDF21E12DC12E8A00C85581 /* TableController.swift */,
				CEDF21E52DC130B800C85581 /* TableViewCell.swift */,
				CEDF21F62DC1511600C85581 /* TableManager.swift */,
			);
			path = View;
			sourceTree = "<group>";
		};
		CEDF21E02DC12E4700C85581 /* ViewModel */ = {
			isa = PBXGroup;
			children = (
				CEDF21E32DC12EC700C85581 /* TableViewModel.swift */,
				CEDF22122DC2272400C85581 /* TableViewModelInterface.swift */,
			);
			path = ViewModel;
			sourceTree = "<group>";
		};
		CEDF21E72DC138FF00C85581 /* Controllers */ = {
			isa = PBXGroup;
			children = (
				CEDF21E82DC1391E00C85581 /* Base */,
				CEDF21DE2DC12E0400C85581 /* TableController */,
			);
			path = Controllers;
			sourceTree = "<group>";
		};
		CEDF21E82DC1391E00C85581 /* Base */ = {
			isa = PBXGroup;
			children = (
				CEDF21E92DC1393A00C85581 /* BaseController.swift */,
			);
			path = Base;
			sourceTree = "<group>";
		};
		CEDF21EB2DC13AA300C85581 /* CustomView */ = {
			isa = PBXGroup;
			children = (
				CEDF21EC2DC13AC500C85581 /* TitleLabel.swift */,
			);
			path = CustomView;
			sourceTree = "<group>";
		};
		CEDF21EE2DC13B5B00C85581 /* Models */ = {
			isa = PBXGroup;
			children = (
				CEDF21EF2DC13B8000C85581 /* Colors.swift */,
				CEDF21F42DC13CA400C85581 /* Titles.swift */,
			);
			path = Models;
			sourceTree = "<group>";
		};
		CEDF21F12DC13BB500C85581 /* Extensions */ = {
			isa = PBXGroup;
			children = (
				CEDF21F22DC13BCD00C85581 /* Collor+Extension.swift */,
				CEDF21F82DC151FA00C85581 /* Block.swift */,
			);
			path = Extensions;
			sourceTree = "<group>";
		};
		CEDF21FA2DC1526100C85581 /* Model */ = {
			isa = PBXGroup;
			children = (
				CEDF21FB2DC152A600C85581 /* Morty.swift */,
			);
			path = Model;
			sourceTree = "<group>";
		};
		CEDF21FD2DC20D7600C85581 /* Coordinator */ = {
			isa = PBXGroup;
			children = (
				CEDF22092DC2212100C85581 /* DetailCoordinator */,
				CEDF22022DC20E7700C85581 /* CoordinatorInterface.swift */,
				CEDF22082DC220E600C85581 /* TableCoordinator */,
			);
			path = Coordinator;
			sourceTree = "<group>";
		};
		CEDF22082DC220E600C85581 /* TableCoordinator */ = {
			isa = PBXGroup;
			children = (
				CEDF21FE2DC20DB200C85581 /* TableCoordinator.swift */,
				CEDF22002DC20E2000C85581 /* TableCoordinatorInterface.swift */,
				CEDF22042DC20ECB00C85581 /* TableCoordinatorEvent.swift */,
				CEDF22062DC2115000C85581 /* TableAssembly.swift */,
			);
			path = TableCoordinator;
			sourceTree = "<group>";
		};
		CEDF22092DC2212100C85581 /* DetailCoordinator */ = {
			isa = PBXGroup;
			children = (
				CEDF220A2DC2214000C85581 /* DetailCoordinator.swift */,
				CEDF220C2DC221B500C85581 /* DetailCoordinatorInterface.swift */,
				CEDF220E2DC221FA00C85581 /* DetailCoordinatorEvent.swift */,
				CEDF22102DC2223A00C85581 /* DetailAssembly.swift */,
			);
			path = DetailCoordinator;
			sourceTree = "<group>";
		};
/* End PBXGroup section */

/* Begin PBXNativeTarget section */
		CEDF21C32DC12AA200C85581 /* RickandmortyTestApp */ = {
			isa = PBXNativeTarget;
			buildConfigurationList = CEDF21DB2DC12AA500C85581 /* Build configuration list for PBXNativeTarget "RickandmortyTestApp" */;
			buildPhases = (
				CEDF21C02DC12AA200C85581 /* Sources */,
				CEDF21C12DC12AA200C85581 /* Frameworks */,
				CEDF21C22DC12AA200C85581 /* Resources */,
			);
			buildRules = (
			);
			dependencies = (
			);
			name = RickandmortyTestApp;
			productName = RickandmortyTestApp;
			productReference = CEDF21C42DC12AA200C85581 /* RickandmortyTestApp.app */;
			productType = "com.apple.product-type.application";
		};
/* End PBXNativeTarget section */

/* Begin PBXProject section */
		CEDF21BC2DC12AA200C85581 /* Project object */ = {
			isa = PBXProject;
			attributes = {
				BuildIndependentTargetsInParallel = 1;
				LastSwiftUpdateCheck = 1520;
				LastUpgradeCheck = 1520;
				TargetAttributes = {
					CEDF21C32DC12AA200C85581 = {
						CreatedOnToolsVersion = 15.2;
					};
				};
			};
			buildConfigurationList = CEDF21BF2DC12AA200C85581 /* Build configuration list for PBXProject "RickandmortyTestApp" */;
			compatibilityVersion = "Xcode 14.0";
			developmentRegion = en;
			hasScannedForEncodings = 0;
			knownRegions = (
				en,
				Base,
			);
			mainGroup = CEDF21BB2DC12AA200C85581;
			productRefGroup = CEDF21C52DC12AA200C85581 /* Products */;
			projectDirPath = "";
			projectRoot = "";
			targets = (
				CEDF21C32DC12AA200C85581 /* RickandmortyTestApp */,
			);
		};
/* End PBXProject section */

/* Begin PBXResourcesBuildPhase section */
		CEDF21C22DC12AA200C85581 /* Resources */ = {
			isa = PBXResourcesBuildPhase;
			buildActionMask = 2147483647;
			files = (
				CEDF21D72DC12AA500C85581 /* LaunchScreen.storyboard in Resources */,
				CEDF21D42DC12AA500C85581 /* Assets.xcassets in Resources */,
			);
			runOnlyForDeploymentPostprocessing = 0;
		};
/* End PBXResourcesBuildPhase section */

/* Begin PBXSourcesBuildPhase section */
		CEDF21C02DC12AA200C85581 /* Sources */ = {
			isa = PBXSourcesBuildPhase;
			buildActionMask = 2147483647;
			files = (
				CEDF22112DC2223A00C85581 /* DetailAssembly.swift in Sources */,
				CEDF22052DC20ECB00C85581 /* TableCoordinatorEvent.swift in Sources */,
				CEDF21E62DC130B800C85581 /* TableViewCell.swift in Sources */,
				CEDF21F02DC13B8000C85581 /* Colors.swift in Sources */,
				CEDF22012DC20E2000C85581 /* TableCoordinatorInterface.swift in Sources */,
				CEDF220B2DC2214000C85581 /* DetailCoordinator.swift in Sources */,
				CEDF22072DC2115000C85581 /* TableAssembly.swift in Sources */,
				CEDF21E22DC12E8A00C85581 /* TableController.swift in Sources */,
				CEDF21D22DC12AA200C85581 /* RickandmortyTestApp.xcdatamodeld in Sources */,
				CEDF21F52DC13CA400C85581 /* Titles.swift in Sources */,
				CEDF21F32DC13BCD00C85581 /* Collor+Extension.swift in Sources */,
				CEDF220D2DC221B500C85581 /* DetailCoordinatorInterface.swift in Sources */,
				CEDF22132DC2272400C85581 /* TableViewModelInterface.swift in Sources */,
				CEDF21C82DC12AA200C85581 /* AppDelegate.swift in Sources */,
				CEDF21ED2DC13AC500C85581 /* TitleLabel.swift in Sources */,
				CEDF220F2DC221FA00C85581 /* DetailCoordinatorEvent.swift in Sources */,
				CEDF21FC2DC152A600C85581 /* Morty.swift in Sources */,
				CEDF22032DC20E7700C85581 /* CoordinatorInterface.swift in Sources */,
				CEDF21FF2DC20DB200C85581 /* TableCoordinator.swift in Sources */,
				CEDF21F72DC1511600C85581 /* TableManager.swift in Sources */,
				CEDF21F92DC151FA00C85581 /* Block.swift in Sources */,
				CEDF21EA2DC1393A00C85581 /* BaseController.swift in Sources */,
				CEDF21E42DC12EC700C85581 /* TableViewModel.swift in Sources */,
			);
			runOnlyForDeploymentPostprocessing = 0;
		};
/* End PBXSourcesBuildPhase section */

/* Begin PBXVariantGroup section */
		CEDF21D52DC12AA500C85581 /* LaunchScreen.storyboard */ = {
			isa = PBXVariantGroup;
			children = (
				CEDF21D62DC12AA500C85581 /* Base */,
			);
			name = LaunchScreen.storyboard;
			sourceTree = "<group>";
		};
/* End PBXVariantGroup section */

/* Begin XCBuildConfiguration section */
		CEDF21D92DC12AA500C85581 /* Debug */ = {
			isa = XCBuildConfiguration;
			buildSettings = {
				ALWAYS_SEARCH_USER_PATHS = NO;
				ASSETCATALOG_COMPILER_GENERATE_SWIFT_ASSET_SYMBOL_EXTENSIONS = YES;
				CLANG_ANALYZER_NONNULL = YES;
				CLANG_ANALYZER_NUMBER_OBJECT_CONVERSION = YES_AGGRESSIVE;
				CLANG_CXX_LANGUAGE_STANDARD = "gnu++20";
				CLANG_ENABLE_MODULES = YES;
				CLANG_ENABLE_OBJC_ARC = YES;
				CLANG_ENABLE_OBJC_WEAK = YES;
				CLANG_WARN_BLOCK_CAPTURE_AUTORELEASING = YES;
				CLANG_WARN_BOOL_CONVERSION = YES;
				CLANG_WARN_COMMA = YES;
				CLANG_WARN_CONSTANT_CONVERSION = YES;
				CLANG_WARN_DEPRECATED_OBJC_IMPLEMENTATIONS = YES;
				CLANG_WARN_DIRECT_OBJC_ISA_USAGE = YES_ERROR;
				CLANG_WARN_DOCUMENTATION_COMMENTS = YES;
				CLANG_WARN_EMPTY_BODY = YES;
				CLANG_WARN_ENUM_CONVERSION = YES;
				CLANG_WARN_INFINITE_RECURSION = YES;
				CLANG_WARN_INT_CONVERSION = YES;
				CLANG_WARN_NON_LITERAL_NULL_CONVERSION = YES;
				CLANG_WARN_OBJC_IMPLICIT_RETAIN_SELF = YES;
				CLANG_WARN_OBJC_LITERAL_CONVERSION = YES;
				CLANG_WARN_OBJC_ROOT_CLASS = YES_ERROR;
				CLANG_WARN_QUOTED_INCLUDE_IN_FRAMEWORK_HEADER = YES;
				CLANG_WARN_RANGE_LOOP_ANALYSIS = YES;
				CLANG_WARN_STRICT_PROTOTYPES = YES;
				CLANG_WARN_SUSPICIOUS_MOVE = YES;
				CLANG_WARN_UNGUARDED_AVAILABILITY = YES_AGGRESSIVE;
				CLANG_WARN_UNREACHABLE_CODE = YES;
				CLANG_WARN__DUPLICATE_METHOD_MATCH = YES;
				COPY_PHASE_STRIP = NO;
				DEBUG_INFORMATION_FORMAT = dwarf;
				ENABLE_STRICT_OBJC_MSGSEND = YES;
				ENABLE_TESTABILITY = YES;
				ENABLE_USER_SCRIPT_SANDBOXING = YES;
				GCC_C_LANGUAGE_STANDARD = gnu17;
				GCC_DYNAMIC_NO_PIC = NO;
				GCC_NO_COMMON_BLOCKS = YES;
				GCC_OPTIMIZATION_LEVEL = 0;
				GCC_PREPROCESSOR_DEFINITIONS = (
					"DEBUG=1",
					"$(inherited)",
				);
				GCC_WARN_64_TO_32_BIT_CONVERSION = YES;
				GCC_WARN_ABOUT_RETURN_TYPE = YES_ERROR;
				GCC_WARN_UNDECLARED_SELECTOR = YES;
				GCC_WARN_UNINITIALIZED_AUTOS = YES_AGGRESSIVE;
				GCC_WARN_UNUSED_FUNCTION = YES;
				GCC_WARN_UNUSED_VARIABLE = YES;
				IPHONEOS_DEPLOYMENT_TARGET = 16.0;
				LOCALIZATION_PREFERS_STRING_CATALOGS = YES;
				MTL_ENABLE_DEBUG_INFO = INCLUDE_SOURCE;
				MTL_FAST_MATH = YES;
				ONLY_ACTIVE_ARCH = YES;
				SDKROOT = iphoneos;
				SWIFT_ACTIVE_COMPILATION_CONDITIONS = "DEBUG $(inherited)";
				SWIFT_OPTIMIZATION_LEVEL = "-Onone";
			};
			name = Debug;
		};
		CEDF21DA2DC12AA500C85581 /* Release */ = {
			isa = XCBuildConfiguration;
			buildSettings = {
				ALWAYS_SEARCH_USER_PATHS = NO;
				ASSETCATALOG_COMPILER_GENERATE_SWIFT_ASSET_SYMBOL_EXTENSIONS = YES;
				CLANG_ANALYZER_NONNULL = YES;
				CLANG_ANALYZER_NUMBER_OBJECT_CONVERSION = YES_AGGRESSIVE;
				CLANG_CXX_LANGUAGE_STANDARD = "gnu++20";
				CLANG_ENABLE_MODULES = YES;
				CLANG_ENABLE_OBJC_ARC = YES;
				CLANG_ENABLE_OBJC_WEAK = YES;
				CLANG_WARN_BLOCK_CAPTURE_AUTORELEASING = YES;
				CLANG_WARN_BOOL_CONVERSION = YES;
				CLANG_WARN_COMMA = YES;
				CLANG_WARN_CONSTANT_CONVERSION = YES;
				CLANG_WARN_DEPRECATED_OBJC_IMPLEMENTATIONS = YES;
				CLANG_WARN_DIRECT_OBJC_ISA_USAGE = YES_ERROR;
				CLANG_WARN_DOCUMENTATION_COMMENTS = YES;
				CLANG_WARN_EMPTY_BODY = YES;
				CLANG_WARN_ENUM_CONVERSION = YES;
				CLANG_WARN_INFINITE_RECURSION = YES;
				CLANG_WARN_INT_CONVERSION = YES;
				CLANG_WARN_NON_LITERAL_NULL_CONVERSION = YES;
				CLANG_WARN_OBJC_IMPLICIT_RETAIN_SELF = YES;
				CLANG_WARN_OBJC_LITERAL_CONVERSION = YES;
				CLANG_WARN_OBJC_ROOT_CLASS = YES_ERROR;
				CLANG_WARN_QUOTED_INCLUDE_IN_FRAMEWORK_HEADER = YES;
				CLANG_WARN_RANGE_LOOP_ANALYSIS = YES;
				CLANG_WARN_STRICT_PROTOTYPES = YES;
				CLANG_WARN_SUSPICIOUS_MOVE = YES;
				CLANG_WARN_UNGUARDED_AVAILABILITY = YES_AGGRESSIVE;
				CLANG_WARN_UNREACHABLE_CODE = YES;
				CLANG_WARN__DUPLICATE_METHOD_MATCH = YES;
				COPY_PHASE_STRIP = NO;
				DEBUG_INFORMATION_FORMAT = "dwarf-with-dsym";
				ENABLE_NS_ASSERTIONS = NO;
				ENABLE_STRICT_OBJC_MSGSEND = YES;
				ENABLE_USER_SCRIPT_SANDBOXING = YES;
				GCC_C_LANGUAGE_STANDARD = gnu17;
				GCC_NO_COMMON_BLOCKS = YES;
				GCC_WARN_64_TO_32_BIT_CONVERSION = YES;
				GCC_WARN_ABOUT_RETURN_TYPE = YES_ERROR;
				GCC_WARN_UNDECLARED_SELECTOR = YES;
				GCC_WARN_UNINITIALIZED_AUTOS = YES_AGGRESSIVE;
				GCC_WARN_UNUSED_FUNCTION = YES;
				GCC_WARN_UNUSED_VARIABLE = YES;
				IPHONEOS_DEPLOYMENT_TARGET = 16.0;
				LOCALIZATION_PREFERS_STRING_CATALOGS = YES;
				MTL_ENABLE_DEBUG_INFO = NO;
				MTL_FAST_MATH = YES;
				SDKROOT = iphoneos;
				SWIFT_COMPILATION_MODE = wholemodule;
				VALIDATE_PRODUCT = YES;
			};
			name = Release;
		};
		CEDF21DC2DC12AA500C85581 /* Debug */ = {
			isa = XCBuildConfiguration;
			buildSettings = {
				ASSETCATALOG_COMPILER_APPICON_NAME = AppIcon;
				ASSETCATALOG_COMPILER_GLOBAL_ACCENT_COLOR_NAME = AccentColor;
				CODE_SIGN_STYLE = Automatic;
				CURRENT_PROJECT_VERSION = 1;
				DEVELOPMENT_TEAM = 364PACBHLP;
				GENERATE_INFOPLIST_FILE = YES;
				INFOPLIST_FILE = RickandmortyTestApp/Info.plist;
				INFOPLIST_KEY_UIApplicationSupportsIndirectInputEvents = YES;
				INFOPLIST_KEY_UILaunchStoryboardName = LaunchScreen;
				INFOPLIST_KEY_UISupportedInterfaceOrientations_iPad = "UIInterfaceOrientationPortrait UIInterfaceOrientationPortraitUpsideDown UIInterfaceOrientationLandscapeLeft UIInterfaceOrientationLandscapeRight";
				INFOPLIST_KEY_UISupportedInterfaceOrientations_iPhone = "UIInterfaceOrientationPortrait UIInterfaceOrientationLandscapeLeft UIInterfaceOrientationLandscapeRight";
				IPHONEOS_DEPLOYMENT_TARGET = 16.0;
				LD_RUNPATH_SEARCH_PATHS = (
					"$(inherited)",
					"@executable_path/Frameworks",
				);
				MARKETING_VERSION = 1.0;
				PRODUCT_BUNDLE_IDENTIFIER = Efimenko.RickandmortyTestApp;
				PRODUCT_NAME = "$(TARGET_NAME)";
				SUPPORTED_PLATFORMS = "iphoneos iphonesimulator";
				SUPPORTS_MACCATALYST = NO;
				SUPPORTS_MAC_DESIGNED_FOR_IPHONE_IPAD = NO;
				SUPPORTS_XR_DESIGNED_FOR_IPHONE_IPAD = NO;
				SWIFT_EMIT_LOC_STRINGS = YES;
				SWIFT_VERSION = 5.0;
				TARGETED_DEVICE_FAMILY = "1,2";
			};
			name = Debug;
		};
		CEDF21DD2DC12AA500C85581 /* Release */ = {
			isa = XCBuildConfiguration;
			buildSettings = {
				ASSETCATALOG_COMPILER_APPICON_NAME = AppIcon;
				ASSETCATALOG_COMPILER_GLOBAL_ACCENT_COLOR_NAME = AccentColor;
				CODE_SIGN_STYLE = Automatic;
				CURRENT_PROJECT_VERSION = 1;
				DEVELOPMENT_TEAM = 364PACBHLP;
				GENERATE_INFOPLIST_FILE = YES;
				INFOPLIST_FILE = RickandmortyTestApp/Info.plist;
				INFOPLIST_KEY_UIApplicationSupportsIndirectInputEvents = YES;
				INFOPLIST_KEY_UILaunchStoryboardName = LaunchScreen;
				INFOPLIST_KEY_UISupportedInterfaceOrientations_iPad = "UIInterfaceOrientationPortrait UIInterfaceOrientationPortraitUpsideDown UIInterfaceOrientationLandscapeLeft UIInterfaceOrientationLandscapeRight";
				INFOPLIST_KEY_UISupportedInterfaceOrientations_iPhone = "UIInterfaceOrientationPortrait UIInterfaceOrientationLandscapeLeft UIInterfaceOrientationLandscapeRight";
				IPHONEOS_DEPLOYMENT_TARGET = 16.0;
				LD_RUNPATH_SEARCH_PATHS = (
					"$(inherited)",
					"@executable_path/Frameworks",
				);
				MARKETING_VERSION = 1.0;
				PRODUCT_BUNDLE_IDENTIFIER = Efimenko.RickandmortyTestApp;
				PRODUCT_NAME = "$(TARGET_NAME)";
				SUPPORTED_PLATFORMS = "iphoneos iphonesimulator";
				SUPPORTS_MACCATALYST = NO;
				SUPPORTS_MAC_DESIGNED_FOR_IPHONE_IPAD = NO;
				SUPPORTS_XR_DESIGNED_FOR_IPHONE_IPAD = NO;
				SWIFT_EMIT_LOC_STRINGS = YES;
				SWIFT_VERSION = 5.0;
				TARGETED_DEVICE_FAMILY = "1,2";
			};
			name = Release;
		};
/* End XCBuildConfiguration section */

/* Begin XCConfigurationList section */
		CEDF21BF2DC12AA200C85581 /* Build configuration list for PBXProject "RickandmortyTestApp" */ = {
			isa = XCConfigurationList;
			buildConfigurations = (
				CEDF21D92DC12AA500C85581 /* Debug */,
				CEDF21DA2DC12AA500C85581 /* Release */,
			);
			defaultConfigurationIsVisible = 0;
			defaultConfigurationName = Release;
		};
		CEDF21DB2DC12AA500C85581 /* Build configuration list for PBXNativeTarget "RickandmortyTestApp" */ = {
			isa = XCConfigurationList;
			buildConfigurations = (
				CEDF21DC2DC12AA500C85581 /* Debug */,
				CEDF21DD2DC12AA500C85581 /* Release */,
			);
			defaultConfigurationIsVisible = 0;
			defaultConfigurationName = Release;
		};
/* End XCConfigurationList section */

/* Begin XCVersionGroup section */
		CEDF21D02DC12AA200C85581 /* RickandmortyTestApp.xcdatamodeld */ = {
			isa = XCVersionGroup;
			children = (
				CEDF21D12DC12AA200C85581 /* RickandmortyTestApp.xcdatamodel */,
			);
			currentVersion = CEDF21D12DC12AA200C85581 /* RickandmortyTestApp.xcdatamodel */;
			path = RickandmortyTestApp.xcdatamodeld;
			sourceTree = "<group>";
			versionGroupType = wrapper.xcdatamodel;
		};
/* End XCVersionGroup section */
	};
	rootObject = CEDF21BC2DC12AA200C85581 /* Project object */;
}
